
Microsoft Visual Studio Solution File, Format Version 12.00
# Visual Studio Version 16
VisualStudioVersion = 16.0.29613.14
MinimumVisualStudioVersion = 10.0.40219.1
Project("{FAE04EC0-301F-11D3-BF4B-00C04F79EFBC}") = "Jobby", "Jobby\Jobby.csproj", "{43BFF06E-2BBF-4DF3-9E32-4998F22536F6}"
EndProject
Global
	GlobalSection(SolutionConfigurationPlatforms) = preSolution
		Debug|Any CPU = Debug|Any CPU
		Release|Any CPU = Release|Any CPU
	EndGlobalSection
	GlobalSection(ProjectConfigurationPlatforms) = postSolution
		{43BFF06E-2BBF-4DF3-9E32-4998F22536F6}.Debug|Any CPU.ActiveCfg = Debug|Any CPU
		{43BFF06E-2BBF-4DF3-9E32-4998F22536F6}.Debug|Any CPU.Build.0 = Debug|Any CPU
		{43BFF06E-2BBF-4DF3-9E32-4998F22536F6}.Release|Any CPU.ActiveCfg = Release|Any CPU
		{43BFF06E-2BBF-4DF3-9E32-4998F22536F6}.Release|Any CPU.Build.0 = Release|Any CPU
	EndGlobalSection
	GlobalSection(SolutionProperties) = preSolution
		HideSolutionNode = FALSE
	EndGlobalSection
	GlobalSection(ExtensibilityGlobals) = postSolution
		SolutionGuid = {1AAAC06D-FD0E-4FA9-ADA1-2071311B2A0F}
	EndGlobalSection
EndGlobal
